
Microsoft Visual Studio Solution File, Format Version 12.00
# Visual Studio Version 16
VisualStudioVersion = 16.0.31019.35
MinimumVisualStudioVersion = 10.0.40219.1
Project("{9A19103F-16F7-4668-BE54-9A1E7A4F7556}") = "AngouriMath.Terminal", "AngouriMath.Terminal\AngouriMath.Terminal.csproj", "{C9C1E0D5-5999-4F10-B273-E83EB03F3CCD}"
EndProject
Project("{FAE04EC0-301F-11D3-BF4B-00C04F79EFBC}") = "AngouriMath.Terminal.Shared", "AngouriMath.Terminal.Shared\AngouriMath.Terminal.Shared.csproj", "{986F8093-64C5-455E-B422-0102BF1F3FE2}"
EndProject
Global
	GlobalSection(SolutionConfigurationPlatforms) = preSolution
		Debug|Any CPU = Debug|Any CPU
		Debug|ARM = Debug|ARM
		Debug|ARM64 = Debug|ARM64
		Debug|x64 = Debug|x64
		Debug|x86 = Debug|x86
		Release|Any CPU = Release|Any CPU
		Release|ARM = Release|ARM
		Release|ARM64 = Release|ARM64
		Release|x64 = Release|x64
		Release|x86 = Release|x86
	EndGlobalSection
	GlobalSection(ProjectConfigurationPlatforms) = postSolution
		{C9C1E0D5-5999-4F10-B273-E83EB03F3CCD}.Debug|Any CPU.ActiveCfg = Debug|Any CPU
		{C9C1E0D5-5999-4F10-B273-E83EB03F3CCD}.Debug|Any CPU.Build.0 = Debug|Any CPU
		{C9C1E0D5-5999-4F10-B273-E83EB03F3CCD}.Debug|ARM.ActiveCfg = Debug|Any CPU
		{C9C1E0D5-5999-4F10-B273-E83EB03F3CCD}.Debug|ARM.Build.0 = Debug|Any CPU
		{C9C1E0D5-5999-4F10-B273-E83EB03F3CCD}.Debug|ARM64.ActiveCfg = Debug|Any CPU
		{C9C1E0D5-5999-4F10-B273-E83EB03F3CCD}.Debug|ARM64.Build.0 = Debug|Any CPU
		{C9C1E0D5-5999-4F10-B273-E83EB03F3CCD}.Debug|x64.ActiveCfg = Debug|Any CPU
		{C9C1E0D5-5999-4F10-B273-E83EB03F3CCD}.Debug|x64.Build.0 = Debug|Any CPU
		{C9C1E0D5-5999-4F10-B273-E83EB03F3CCD}.Debug|x86.ActiveCfg = Debug|Any CPU
		{C9C1E0D5-5999-4F10-B273-E83EB03F3CCD}.Debug|x86.Build.0 = Debug|Any CPU
		{C9C1E0D5-5999-4F10-B273-E83EB03F3CCD}.Release|Any CPU.ActiveCfg = Release|Any CPU
		{C9C1E0D5-5999-4F10-B273-E83EB03F3CCD}.Release|Any CPU.Build.0 = Release|Any CPU
		{C9C1E0D5-5999-4F10-B273-E83EB03F3CCD}.Release|ARM.ActiveCfg = Release|Any CPU
		{C9C1E0D5-5999-4F10-B273-E83EB03F3CCD}.Release|ARM.Build.0 = Release|Any CPU
		{C9C1E0D5-5999-4F10-B273-E83EB03F3CCD}.Release|ARM64.ActiveCfg = Release|Any CPU
		{C9C1E0D5-5999-4F10-B273-E83EB03F3CCD}.Release|ARM64.Build.0 = Release|Any CPU
		{C9C1E0D5-5999-4F10-B273-E83EB03F3CCD}.Release|x64.ActiveCfg = Release|Any CPU
		{C9C1E0D5-5999-4F10-B273-E83EB03F3CCD}.Release|x64.Build.0 = Release|Any CPU
		{C9C1E0D5-5999-4F10-B273-E83EB03F3CCD}.Release|x86.ActiveCfg = Release|Any CPU
		{C9C1E0D5-5999-4F10-B273-E83EB03F3CCD}.Release|x86.Build.0 = Release|Any CPU
		{986F8093-64C5-455E-B422-0102BF1F3FE2}.Debug|Any CPU.ActiveCfg = Debug|Any CPU
		{986F8093-64C5-455E-B422-0102BF1F3FE2}.Debug|Any CPU.Build.0 = Debug|Any CPU
		{986F8093-64C5-455E-B422-0102BF1F3FE2}.Debug|ARM.ActiveCfg = Debug|Any CPU
		{986F8093-64C5-455E-B422-0102BF1F3FE2}.Debug|ARM.Build.0 = Debug|Any CPU
		{986F8093-64C5-455E-B422-0102BF1F3FE2}.Debug|ARM64.ActiveCfg = Debug|Any CPU
		{986F8093-64C5-455E-B422-0102BF1F3FE2}.Debug|ARM64.Build.0 = Debug|Any CPU
		{986F8093-64C5-455E-B422-0102BF1F3FE2}.Debug|x64.ActiveCfg = Debug|Any CPU
		{986F8093-64C5-455E-B422-0102BF1F3FE2}.Debug|x64.Build.0 = Debug|Any CPU
		{986F8093-64C5-455E-B422-0102BF1F3FE2}.Debug|x86.ActiveCfg = Debug|Any CPU
		{986F8093-64C5-455E-B422-0102BF1F3FE2}.Debug|x86.Build.0 = Debug|Any CPU
		{986F8093-64C5-455E-B422-0102BF1F3FE2}.Release|Any CPU.ActiveCfg = Release|Any CPU
		{986F8093-64C5-455E-B422-0102BF1F3FE2}.Release|Any CPU.Build.0 = Release|Any CPU
		{986F8093-64C5-455E-B422-0102BF1F3FE2}.Release|ARM.ActiveCfg = Release|Any CPU
		{986F8093-64C5-455E-B422-0102BF1F3FE2}.Release|ARM.Build.0 = Release|Any CPU
		{986F8093-64C5-455E-B422-0102BF1F3FE2}.Release|ARM64.ActiveCfg = Release|Any CPU
		{986F8093-64C5-455E-B422-0102BF1F3FE2}.Release|ARM64.Build.0 = Release|Any CPU
		{986F8093-64C5-455E-B422-0102BF1F3FE2}.Release|x64.ActiveCfg = Release|Any CPU
		{986F8093-64C5-455E-B422-0102BF1F3FE2}.Release|x64.Build.0 = Release|Any CPU
		{986F8093-64C5-455E-B422-0102BF1F3FE2}.Release|x86.ActiveCfg = Release|Any CPU
		{986F8093-64C5-455E-B422-0102BF1F3FE2}.Release|x86.Build.0 = Release|Any CPU
	EndGlobalSection
	GlobalSection(SolutionProperties) = preSolution
		HideSolutionNode = FALSE
	EndGlobalSection
	GlobalSection(ExtensibilityGlobals) = postSolution
		SolutionGuid = {7391401B-8B61-40C2-A3CD-E17E8DBE58A1}
	EndGlobalSection
EndGlobal
